
Microsoft Visual Studio Solution File, Format Version 12.00
# Visual Studio Version 16
VisualStudioVersion = 16.0.30128.74
MinimumVisualStudioVersion = 10.0.40219.1
Project("{FAE04EC0-301F-11D3-BF4B-00C04F79EFBC}") = "YoutubeDownloaderv2", "YoutubeDownloaderv2\YoutubeDownloaderv2.csproj", "{1822A464-5601-49B1-93D2-16B2CF94F637}"
EndProject
Global
	GlobalSection(SolutionConfigurationPlatforms) = preSolution
		Debug|Any CPU = Debug|Any CPU
		Release|Any CPU = Release|Any CPU
	EndGlobalSection
	GlobalSection(ProjectConfigurationPlatforms) = postSolution
		{1822A464-5601-49B1-93D2-16B2CF94F637}.Debug|Any CPU.ActiveCfg = Release|Any CPU
		{1822A464-5601-49B1-93D2-16B2CF94F637}.Debug|Any CPU.Build.0 = Release|Any CPU
		{1822A464-5601-49B1-93D2-16B2CF94F637}.Release|Any CPU.ActiveCfg = Release|Any CPU
		{1822A464-5601-49B1-93D2-16B2CF94F637}.Release|Any CPU.Build.0 = Release|Any CPU
	EndGlobalSection
	GlobalSection(SolutionProperties) = preSolution
		HideSolutionNode = FALSE
	EndGlobalSection
	GlobalSection(ExtensibilityGlobals) = postSolution
		SolutionGuid = {78930D4A-1467-44A6-BC0E-2A2ACCFFDEDC}
	EndGlobalSection
EndGlobal
